// !$*UTF8*$!
{
	archiveVersion = 1;
	classes = {
	};
	objectVersion = 55;
	objects = {

/* Begin PBXBuildFile section */
		475A25E22C1ED57D002E87CB /* LaunchesDelegate.swift in Sources */ = {isa = PBXBuildFile; fileRef = 475A25E12C1ED57D002E87CB /* LaunchesDelegate.swift */; };
		475A25E42C1ED58B002E87CB /* LaunchesDataSource.swift in Sources */ = {isa = PBXBuildFile; fileRef = 475A25E32C1ED58B002E87CB /* LaunchesDataSource.swift */; };
		475A25E62C1ED7FA002E87CB /* Reusable.swift in Sources */ = {isa = PBXBuildFile; fileRef = 475A25E52C1ED7FA002E87CB /* Reusable.swift */; };
		475A25E82C1ED80D002E87CB /* UICollectionViewCell.swift in Sources */ = {isa = PBXBuildFile; fileRef = 475A25E72C1ED80D002E87CB /* UICollectionViewCell.swift */; };
		475A25EB2C1ED8A4002E87CB /* CellSize.swift in Sources */ = {isa = PBXBuildFile; fileRef = 475A25EA2C1ED8A4002E87CB /* CellSize.swift */; };
		475A25ED2C1EDB8A002E87CB /* LaunchesCollectionViewCell.swift in Sources */ = {isa = PBXBuildFile; fileRef = 475A25EC2C1EDB8A002E87CB /* LaunchesCollectionViewCell.swift */; };
		475A25EF2C1EDD0C002E87CB /* LaunchesCellViewModel.swift in Sources */ = {isa = PBXBuildFile; fileRef = 475A25EE2C1EDD0C002E87CB /* LaunchesCellViewModel.swift */; };
		475A25F12C2D5566002E87CB /* Constants.swift in Sources */ = {isa = PBXBuildFile; fileRef = 475A25F02C2D5566002E87CB /* Constants.swift */; };
		475A25F32C2DBFAD002E87CB /* UIViewController.swift in Sources */ = {isa = PBXBuildFile; fileRef = 475A25F22C2DBFAD002E87CB /* UIViewController.swift */; };
		475A25F92C2EAED8002E87CB /* LaunchDetailBuilder.swift in Sources */ = {isa = PBXBuildFile; fileRef = 475A25F82C2EAED8002E87CB /* LaunchDetailBuilder.swift */; };
		475A25FB2C2EAEEF002E87CB /* LaunchDetailViewController.swift in Sources */ = {isa = PBXBuildFile; fileRef = 475A25FA2C2EAEEF002E87CB /* LaunchDetailViewController.swift */; };
		475A25FD2C2EAF11002E87CB /* LaunchDetailViewModel.swift in Sources */ = {isa = PBXBuildFile; fileRef = 475A25FC2C2EAF11002E87CB /* LaunchDetailViewModel.swift */; };
		475A25FF2C2EB47A002E87CB /* LaunchDetail.swift in Sources */ = {isa = PBXBuildFile; fileRef = 475A25FE2C2EB47A002E87CB /* LaunchDetail.swift */; };
		475A26022C2EBD0E002E87CB /* Kingfisher in Frameworks */ = {isa = PBXBuildFile; productRef = 475A26012C2EBD0E002E87CB /* Kingfisher */; };
		475A26062C2EBF5F002E87CB /* LaunchDetailDelegate.swift in Sources */ = {isa = PBXBuildFile; fileRef = 475A26052C2EBF5F002E87CB /* LaunchDetailDelegate.swift */; };
		475A26082C2EBF6E002E87CB /* LaunchDetailDataSource.swift in Sources */ = {isa = PBXBuildFile; fileRef = 475A26072C2EBF6E002E87CB /* LaunchDetailDataSource.swift */; };
		475A260C2C2EC216002E87CB /* LaunchDetailCollectionViewCell.swift in Sources */ = {isa = PBXBuildFile; fileRef = 475A260B2C2EC216002E87CB /* LaunchDetailCollectionViewCell.swift */; };
		475A260E2C2EC230002E87CB /* LaunchDetailCellViewModel.swift in Sources */ = {isa = PBXBuildFile; fileRef = 475A260D2C2EC230002E87CB /* LaunchDetailCellViewModel.swift */; };
		47E1FE912C1B4C630002571C /* AppDelegate.swift in Sources */ = {isa = PBXBuildFile; fileRef = 47E1FE902C1B4C630002571C /* AppDelegate.swift */; };
		47E1FE932C1B4C630002571C /* SceneDelegate.swift in Sources */ = {isa = PBXBuildFile; fileRef = 47E1FE922C1B4C630002571C /* SceneDelegate.swift */; };
		47E1FE9A2C1B4C680002571C /* Assets.xcassets in Resources */ = {isa = PBXBuildFile; fileRef = 47E1FE992C1B4C680002571C /* Assets.xcassets */; };
		47E1FE9D2C1B4C680002571C /* LaunchScreen.storyboard in Resources */ = {isa = PBXBuildFile; fileRef = 47E1FE9B2C1B4C680002571C /* LaunchScreen.storyboard */; };
		47E1FEAE2C1C33930002571C /* Launches.swift in Sources */ = {isa = PBXBuildFile; fileRef = 47E1FEAD2C1C33930002571C /* Launches.swift */; };
		47E1FEB12C1C36E70002571C /* Alamofire in Frameworks */ = {isa = PBXBuildFile; productRef = 47E1FEB02C1C36E70002571C /* Alamofire */; };
		47E1FEB72C1C37320002571C /* SnapKit in Frameworks */ = {isa = PBXBuildFile; productRef = 47E1FEB62C1C37320002571C /* SnapKit */; };
		47E1FEB92C1C37FF0002571C /* HttpClient.swift in Sources */ = {isa = PBXBuildFile; fileRef = 47E1FEB82C1C37FF0002571C /* HttpClient.swift */; };
		47E1FEBB2C1C39470002571C /* AppCoordinator.swift in Sources */ = {isa = PBXBuildFile; fileRef = 47E1FEBA2C1C39470002571C /* AppCoordinator.swift */; };
		47E1FEC12C1C39E90002571C /* LaunchesBuilder.swift in Sources */ = {isa = PBXBuildFile; fileRef = 47E1FEC02C1C39E90002571C /* LaunchesBuilder.swift */; };
		47E1FEC32C1C3A1F0002571C /* LaunchesViewController.swift in Sources */ = {isa = PBXBuildFile; fileRef = 47E1FEC22C1C3A1F0002571C /* LaunchesViewController.swift */; };
		47E1FEC52C1C3E6C0002571C /* LaunchesViewModel.swift in Sources */ = {isa = PBXBuildFile; fileRef = 47E1FEC42C1C3E6C0002571C /* LaunchesViewModel.swift */; };
/* End PBXBuildFile section */

/* Begin PBXFileReference section */
		475A25E12C1ED57D002E87CB /* LaunchesDelegate.swift */ = {isa = PBXFileReference; lastKnownFileType = sourcecode.swift; path = LaunchesDelegate.swift; sourceTree = "<group>"; };
		475A25E32C1ED58B002E87CB /* LaunchesDataSource.swift */ = {isa = PBXFileReference; lastKnownFileType = sourcecode.swift; path = LaunchesDataSource.swift; sourceTree = "<group>"; };
		475A25E52C1ED7FA002E87CB /* Reusable.swift */ = {isa = PBXFileReference; lastKnownFileType = sourcecode.swift; path = Reusable.swift; sourceTree = "<group>"; };
		475A25E72C1ED80D002E87CB /* UICollectionViewCell.swift */ = {isa = PBXFileReference; lastKnownFileType = sourcecode.swift; path = UICollectionViewCell.swift; sourceTree = "<group>"; };
		475A25EA2C1ED8A4002E87CB /* CellSize.swift */ = {isa = PBXFileReference; lastKnownFileType = sourcecode.swift; path = CellSize.swift; sourceTree = "<group>"; };
		475A25EC2C1EDB8A002E87CB /* LaunchesCollectionViewCell.swift */ = {isa = PBXFileReference; lastKnownFileType = sourcecode.swift; path = LaunchesCollectionViewCell.swift; sourceTree = "<group>"; };
		475A25EE2C1EDD0C002E87CB /* LaunchesCellViewModel.swift */ = {isa = PBXFileReference; lastKnownFileType = sourcecode.swift; path = LaunchesCellViewModel.swift; sourceTree = "<group>"; };
		475A25F02C2D5566002E87CB /* Constants.swift */ = {isa = PBXFileReference; lastKnownFileType = sourcecode.swift; path = Constants.swift; sourceTree = "<group>"; };
		475A25F22C2DBFAD002E87CB /* UIViewController.swift */ = {isa = PBXFileReference; lastKnownFileType = sourcecode.swift; path = UIViewController.swift; sourceTree = "<group>"; };
		475A25F82C2EAED8002E87CB /* LaunchDetailBuilder.swift */ = {isa = PBXFileReference; lastKnownFileType = sourcecode.swift; path = LaunchDetailBuilder.swift; sourceTree = "<group>"; };
		475A25FA2C2EAEEF002E87CB /* LaunchDetailViewController.swift */ = {isa = PBXFileReference; lastKnownFileType = sourcecode.swift; path = LaunchDetailViewController.swift; sourceTree = "<group>"; };
		475A25FC2C2EAF11002E87CB /* LaunchDetailViewModel.swift */ = {isa = PBXFileReference; lastKnownFileType = sourcecode.swift; path = LaunchDetailViewModel.swift; sourceTree = "<group>"; };
		475A25FE2C2EB47A002E87CB /* LaunchDetail.swift */ = {isa = PBXFileReference; lastKnownFileType = sourcecode.swift; path = LaunchDetail.swift; sourceTree = "<group>"; };
		475A26052C2EBF5F002E87CB /* LaunchDetailDelegate.swift */ = {isa = PBXFileReference; lastKnownFileType = sourcecode.swift; path = LaunchDetailDelegate.swift; sourceTree = "<group>"; };
		475A26072C2EBF6E002E87CB /* LaunchDetailDataSource.swift */ = {isa = PBXFileReference; lastKnownFileType = sourcecode.swift; path = LaunchDetailDataSource.swift; sourceTree = "<group>"; };
		475A260B2C2EC216002E87CB /* LaunchDetailCollectionViewCell.swift */ = {isa = PBXFileReference; lastKnownFileType = sourcecode.swift; path = LaunchDetailCollectionViewCell.swift; sourceTree = "<group>"; };
		475A260D2C2EC230002E87CB /* LaunchDetailCellViewModel.swift */ = {isa = PBXFileReference; lastKnownFileType = sourcecode.swift; path = LaunchDetailCellViewModel.swift; sourceTree = "<group>"; };
		47E1FE8D2C1B4C630002571C /* TheSpaceXApp.app */ = {isa = PBXFileReference; explicitFileType = wrapper.application; includeInIndex = 0; path = TheSpaceXApp.app; sourceTree = BUILT_PRODUCTS_DIR; };
		47E1FE902C1B4C630002571C /* AppDelegate.swift */ = {isa = PBXFileReference; lastKnownFileType = sourcecode.swift; path = AppDelegate.swift; sourceTree = "<group>"; };
		47E1FE922C1B4C630002571C /* SceneDelegate.swift */ = {isa = PBXFileReference; lastKnownFileType = sourcecode.swift; path = SceneDelegate.swift; sourceTree = "<group>"; };
		47E1FE992C1B4C680002571C /* Assets.xcassets */ = {isa = PBXFileReference; lastKnownFileType = folder.assetcatalog; path = Assets.xcassets; sourceTree = "<group>"; };
		47E1FE9C2C1B4C680002571C /* Base */ = {isa = PBXFileReference; lastKnownFileType = file.storyboard; name = Base; path = Base.lproj/LaunchScreen.storyboard; sourceTree = "<group>"; };
		47E1FE9E2C1B4C680002571C /* Info.plist */ = {isa = PBXFileReference; lastKnownFileType = text.plist.xml; path = Info.plist; sourceTree = "<group>"; };
		47E1FEAD2C1C33930002571C /* Launches.swift */ = {isa = PBXFileReference; lastKnownFileType = sourcecode.swift; path = Launches.swift; sourceTree = "<group>"; };
		47E1FEB82C1C37FF0002571C /* HttpClient.swift */ = {isa = PBXFileReference; lastKnownFileType = sourcecode.swift; path = HttpClient.swift; sourceTree = "<group>"; };
		47E1FEBA2C1C39470002571C /* AppCoordinator.swift */ = {isa = PBXFileReference; lastKnownFileType = sourcecode.swift; path = AppCoordinator.swift; sourceTree = "<group>"; };
		47E1FEC02C1C39E90002571C /* LaunchesBuilder.swift */ = {isa = PBXFileReference; lastKnownFileType = sourcecode.swift; path = LaunchesBuilder.swift; sourceTree = "<group>"; };
		47E1FEC22C1C3A1F0002571C /* LaunchesViewController.swift */ = {isa = PBXFileReference; lastKnownFileType = sourcecode.swift; path = LaunchesViewController.swift; sourceTree = "<group>"; };
		47E1FEC42C1C3E6C0002571C /* LaunchesViewModel.swift */ = {isa = PBXFileReference; lastKnownFileType = sourcecode.swift; path = LaunchesViewModel.swift; sourceTree = "<group>"; };
/* End PBXFileReference section */

/* Begin PBXFrameworksBuildPhase section */
		47E1FE8A2C1B4C630002571C /* Frameworks */ = {
			isa = PBXFrameworksBuildPhase;
			buildActionMask = 2147483647;
			files = (
				475A26022C2EBD0E002E87CB /* Kingfisher in Frameworks */,
				47E1FEB72C1C37320002571C /* SnapKit in Frameworks */,
				47E1FEB12C1C36E70002571C /* Alamofire in Frameworks */,
			);
			runOnlyForDeploymentPostprocessing = 0;
		};
/* End PBXFrameworksBuildPhase section */

/* Begin PBXGroup section */
		475A25E02C1ED559002E87CB /* Delegate&DataSource */ = {
			isa = PBXGroup;
			children = (
				475A25E12C1ED57D002E87CB /* LaunchesDelegate.swift */,
				475A25E32C1ED58B002E87CB /* LaunchesDataSource.swift */,
			);
			path = "Delegate&DataSource";
			sourceTree = "<group>";
		};
		475A25E92C1ED88F002E87CB /* Cell */ = {
			isa = PBXGroup;
			children = (
				475A25EA2C1ED8A4002E87CB /* CellSize.swift */,
				475A25EC2C1EDB8A002E87CB /* LaunchesCollectionViewCell.swift */,
				475A25EE2C1EDD0C002E87CB /* LaunchesCellViewModel.swift */,
			);
			path = Cell;
			sourceTree = "<group>";
		};
		475A25F42C2EAE92002E87CB /* LaunchDetail */ = {
			isa = PBXGroup;
			children = (
				475A25F52C2EAEA0002E87CB /* Builder */,
				475A26032C2EBF26002E87CB /* Cell */,
				475A26042C2EBF2C002E87CB /* Delegate&DetaSource */,
				475A25F72C2EAEAF002E87CB /* View */,
				475A25F62C2EAEA8002E87CB /* ViewModel */,
			);
			path = LaunchDetail;
			sourceTree = "<group>";
		};
		475A25F52C2EAEA0002E87CB /* Builder */ = {
			isa = PBXGroup;
			children = (
				475A25F82C2EAED8002E87CB /* LaunchDetailBuilder.swift */,
			);
			path = Builder;
			sourceTree = "<group>";
		};
		475A25F62C2EAEA8002E87CB /* ViewModel */ = {
			isa = PBXGroup;
			children = (
				475A25FC2C2EAF11002E87CB /* LaunchDetailViewModel.swift */,
			);
			path = ViewModel;
			sourceTree = "<group>";
		};
		475A25F72C2EAEAF002E87CB /* View */ = {
			isa = PBXGroup;
			children = (
				475A25FA2C2EAEEF002E87CB /* LaunchDetailViewController.swift */,
			);
			path = View;
			sourceTree = "<group>";
		};
		475A26032C2EBF26002E87CB /* Cell */ = {
			isa = PBXGroup;
			children = (
				475A260B2C2EC216002E87CB /* LaunchDetailCollectionViewCell.swift */,
				475A260D2C2EC230002E87CB /* LaunchDetailCellViewModel.swift */,
			);
			path = Cell;
			sourceTree = "<group>";
		};
		475A26042C2EBF2C002E87CB /* Delegate&DetaSource */ = {
			isa = PBXGroup;
			children = (
				475A26052C2EBF5F002E87CB /* LaunchDetailDelegate.swift */,
				475A26072C2EBF6E002E87CB /* LaunchDetailDataSource.swift */,
			);
			path = "Delegate&DetaSource";
			sourceTree = "<group>";
		};
		47E1FE842C1B4C630002571C = {
			isa = PBXGroup;
			children = (
				47E1FE8F2C1B4C630002571C /* TheSpaceXApp */,
				47E1FE8E2C1B4C630002571C /* Products */,
			);
			sourceTree = "<group>";
		};
		47E1FE8E2C1B4C630002571C /* Products */ = {
			isa = PBXGroup;
			children = (
				47E1FE8D2C1B4C630002571C /* TheSpaceXApp.app */,
			);
			name = Products;
			sourceTree = "<group>";
		};
		47E1FE8F2C1B4C630002571C /* TheSpaceXApp */ = {
			isa = PBXGroup;
			children = (
				47E1FEA42C1B4DBA0002571C /* App */,
				47E1FEA52C1B4DCD0002571C /* AppCoordinator */,
				47E1FEA62C1B4DE50002571C /* Constants */,
				47E1FEA72C1B4DF90002571C /* Extensions */,
				47E1FEA82C1B4E040002571C /* Network */,
				47E1FEA92C1B4E0D0002571C /* Resources */,
				47E1FEAA2C1B4E140002571C /* Screens */,
			);
			path = TheSpaceXApp;
			sourceTree = "<group>";
		};
		47E1FEA42C1B4DBA0002571C /* App */ = {
			isa = PBXGroup;
			children = (
				47E1FE902C1B4C630002571C /* AppDelegate.swift */,
				47E1FE922C1B4C630002571C /* SceneDelegate.swift */,
			);
			path = App;
			sourceTree = "<group>";
		};
		47E1FEA52C1B4DCD0002571C /* AppCoordinator */ = {
			isa = PBXGroup;
			children = (
				47E1FEBA2C1C39470002571C /* AppCoordinator.swift */,
			);
			path = AppCoordinator;
			sourceTree = "<group>";
		};
		47E1FEA62C1B4DE50002571C /* Constants */ = {
			isa = PBXGroup;
			children = (
				475A25F02C2D5566002E87CB /* Constants.swift */,
			);
			path = Constants;
			sourceTree = "<group>";
		};
		47E1FEA72C1B4DF90002571C /* Extensions */ = {
			isa = PBXGroup;
			children = (
				475A25E52C1ED7FA002E87CB /* Reusable.swift */,
				475A25E72C1ED80D002E87CB /* UICollectionViewCell.swift */,
				475A25F22C2DBFAD002E87CB /* UIViewController.swift */,
			);
			path = Extensions;
			sourceTree = "<group>";
		};
		47E1FEA82C1B4E040002571C /* Network */ = {
			isa = PBXGroup;
			children = (
				47E1FEAC2C1C337F0002571C /* Models */,
				47E1FEAB2C1C33760002571C /* Services */,
			);
			path = Network;
			sourceTree = "<group>";
		};
		47E1FEA92C1B4E0D0002571C /* Resources */ = {
			isa = PBXGroup;
			children = (
				47E1FE992C1B4C680002571C /* Assets.xcassets */,
				47E1FE9B2C1B4C680002571C /* LaunchScreen.storyboard */,
				47E1FE9E2C1B4C680002571C /* Info.plist */,
			);
			path = Resources;
			sourceTree = "<group>";
		};
		47E1FEAA2C1B4E140002571C /* Screens */ = {
			isa = PBXGroup;
			children = (
				47E1FEBC2C1C399D0002571C /* Launches */,
				475A25F42C2EAE92002E87CB /* LaunchDetail */,
			);
			path = Screens;
			sourceTree = "<group>";
		};
		47E1FEAB2C1C33760002571C /* Services */ = {
			isa = PBXGroup;
			children = (
				47E1FEB82C1C37FF0002571C /* HttpClient.swift */,
			);
			path = Services;
			sourceTree = "<group>";
		};
		47E1FEAC2C1C337F0002571C /* Models */ = {
			isa = PBXGroup;
			children = (
				47E1FEAD2C1C33930002571C /* Launches.swift */,
				475A25FE2C2EB47A002E87CB /* LaunchDetail.swift */,
			);
			path = Models;
			sourceTree = "<group>";
		};
		47E1FEBC2C1C399D0002571C /* Launches */ = {
			isa = PBXGroup;
			children = (
				47E1FEBD2C1C39A70002571C /* Builder */,
				475A25E92C1ED88F002E87CB /* Cell */,
				475A25E02C1ED559002E87CB /* Delegate&DataSource */,
				47E1FEBE2C1C39B40002571C /* View */,
				47E1FEBF2C1C39BB0002571C /* ViewModel */,
			);
			path = Launches;
			sourceTree = "<group>";
		};
		47E1FEBD2C1C39A70002571C /* Builder */ = {
			isa = PBXGroup;
			children = (
				47E1FEC02C1C39E90002571C /* LaunchesBuilder.swift */,
			);
			path = Builder;
			sourceTree = "<group>";
		};
		47E1FEBE2C1C39B40002571C /* View */ = {
			isa = PBXGroup;
			children = (
				47E1FEC22C1C3A1F0002571C /* LaunchesViewController.swift */,
			);
			path = View;
			sourceTree = "<group>";
		};
		47E1FEBF2C1C39BB0002571C /* ViewModel */ = {
			isa = PBXGroup;
			children = (
				47E1FEC42C1C3E6C0002571C /* LaunchesViewModel.swift */,
			);
			path = ViewModel;
			sourceTree = "<group>";
		};
/* End PBXGroup section */

/* Begin PBXNativeTarget section */
		47E1FE8C2C1B4C630002571C /* TheSpaceXApp */ = {
			isa = PBXNativeTarget;
			buildConfigurationList = 47E1FEA12C1B4C680002571C /* Build configuration list for PBXNativeTarget "TheSpaceXApp" */;
			buildPhases = (
				47E1FE892C1B4C630002571C /* Sources */,
				47E1FE8A2C1B4C630002571C /* Frameworks */,
				47E1FE8B2C1B4C630002571C /* Resources */,
			);
			buildRules = (
			);
			dependencies = (
			);
			name = TheSpaceXApp;
			packageProductDependencies = (
				47E1FEB02C1C36E70002571C /* Alamofire */,
				47E1FEB62C1C37320002571C /* SnapKit */,
				475A26012C2EBD0E002E87CB /* Kingfisher */,
			);
			productName = TheSpaceXApp;
			productReference = 47E1FE8D2C1B4C630002571C /* TheSpaceXApp.app */;
			productType = "com.apple.product-type.application";
		};
/* End PBXNativeTarget section */

/* Begin PBXProject section */
		47E1FE852C1B4C630002571C /* Project object */ = {
			isa = PBXProject;
			attributes = {
				BuildIndependentTargetsInParallel = 1;
				LastSwiftUpdateCheck = 1340;
				LastUpgradeCheck = 1340;
				TargetAttributes = {
					47E1FE8C2C1B4C630002571C = {
						CreatedOnToolsVersion = 13.4.1;
					};
				};
			};
			buildConfigurationList = 47E1FE882C1B4C630002571C /* Build configuration list for PBXProject "TheSpaceXApp" */;
			compatibilityVersion = "Xcode 13.0";
			developmentRegion = en;
			hasScannedForEncodings = 0;
			knownRegions = (
				en,
				Base,
			);
			mainGroup = 47E1FE842C1B4C630002571C;
			packageReferences = (
				47E1FEAF2C1C36E70002571C /* XCRemoteSwiftPackageReference "Alamofire" */,
				47E1FEB52C1C37310002571C /* XCRemoteSwiftPackageReference "SnapKit" */,
				475A26002C2EBD0E002E87CB /* XCRemoteSwiftPackageReference "Kingfisher" */,
			);
			productRefGroup = 47E1FE8E2C1B4C630002571C /* Products */;
			projectDirPath = "";
			projectRoot = "";
			targets = (
				47E1FE8C2C1B4C630002571C /* TheSpaceXApp */,
			);
		};
/* End PBXProject section */

/* Begin PBXResourcesBuildPhase section */
		47E1FE8B2C1B4C630002571C /* Resources */ = {
			isa = PBXResourcesBuildPhase;
			buildActionMask = 2147483647;
			files = (
				47E1FE9D2C1B4C680002571C /* LaunchScreen.storyboard in Resources */,
				47E1FE9A2C1B4C680002571C /* Assets.xcassets in Resources */,
			);
			runOnlyForDeploymentPostprocessing = 0;
		};
/* End PBXResourcesBuildPhase section */

/* Begin PBXSourcesBuildPhase section */
		47E1FE892C1B4C630002571C /* Sources */ = {
			isa = PBXSourcesBuildPhase;
			buildActionMask = 2147483647;
			files = (
				47E1FEC12C1C39E90002571C /* LaunchesBuilder.swift in Sources */,
				475A25E62C1ED7FA002E87CB /* Reusable.swift in Sources */,
				475A25E82C1ED80D002E87CB /* UICollectionViewCell.swift in Sources */,
				475A25F92C2EAED8002E87CB /* LaunchDetailBuilder.swift in Sources */,
				47E1FEC52C1C3E6C0002571C /* LaunchesViewModel.swift in Sources */,
				47E1FE912C1B4C630002571C /* AppDelegate.swift in Sources */,
				475A25E22C1ED57D002E87CB /* LaunchesDelegate.swift in Sources */,
				475A25ED2C1EDB8A002E87CB /* LaunchesCollectionViewCell.swift in Sources */,
				475A260E2C2EC230002E87CB /* LaunchDetailCellViewModel.swift in Sources */,
				475A25F12C2D5566002E87CB /* Constants.swift in Sources */,
				475A25F32C2DBFAD002E87CB /* UIViewController.swift in Sources */,
				47E1FEC32C1C3A1F0002571C /* LaunchesViewController.swift in Sources */,
				47E1FEAE2C1C33930002571C /* Launches.swift in Sources */,
				475A25EB2C1ED8A4002E87CB /* CellSize.swift in Sources */,
				47E1FEBB2C1C39470002571C /* AppCoordinator.swift in Sources */,
				475A260C2C2EC216002E87CB /* LaunchDetailCollectionViewCell.swift in Sources */,
				475A25FF2C2EB47A002E87CB /* LaunchDetail.swift in Sources */,
				475A25FB2C2EAEEF002E87CB /* LaunchDetailViewController.swift in Sources */,
				475A26062C2EBF5F002E87CB /* LaunchDetailDelegate.swift in Sources */,
				475A25EF2C1EDD0C002E87CB /* LaunchesCellViewModel.swift in Sources */,
				475A25FD2C2EAF11002E87CB /* LaunchDetailViewModel.swift in Sources */,
				47E1FEB92C1C37FF0002571C /* HttpClient.swift in Sources */,
				47E1FE932C1B4C630002571C /* SceneDelegate.swift in Sources */,
				475A26082C2EBF6E002E87CB /* LaunchDetailDataSource.swift in Sources */,
				475A25E42C1ED58B002E87CB /* LaunchesDataSource.swift in Sources */,
			);
			runOnlyForDeploymentPostprocessing = 0;
		};
/* End PBXSourcesBuildPhase section */

/* Begin PBXVariantGroup section */
		47E1FE9B2C1B4C680002571C /* LaunchScreen.storyboard */ = {
			isa = PBXVariantGroup;
			children = (
				47E1FE9C2C1B4C680002571C /* Base */,
			);
			name = LaunchScreen.storyboard;
			sourceTree = "<group>";
		};
/* End PBXVariantGroup section */

/* Begin XCBuildConfiguration section */
		47E1FE9F2C1B4C680002571C /* Debug */ = {
			isa = XCBuildConfiguration;
			buildSettings = {
				ALWAYS_SEARCH_USER_PATHS = NO;
				CLANG_ANALYZER_NONNULL = YES;
				CLANG_ANALYZER_NUMBER_OBJECT_CONVERSION = YES_AGGRESSIVE;
				CLANG_CXX_LANGUAGE_STANDARD = "gnu++17";
				CLANG_ENABLE_MODULES = YES;
				CLANG_ENABLE_OBJC_ARC = YES;
				CLANG_ENABLE_OBJC_WEAK = YES;
				CLANG_WARN_BLOCK_CAPTURE_AUTORELEASING = YES;
				CLANG_WARN_BOOL_CONVERSION = YES;
				CLANG_WARN_COMMA = YES;
				CLANG_WARN_CONSTANT_CONVERSION = YES;
				CLANG_WARN_DEPRECATED_OBJC_IMPLEMENTATIONS = YES;
				CLANG_WARN_DIRECT_OBJC_ISA_USAGE = YES_ERROR;
				CLANG_WARN_DOCUMENTATION_COMMENTS = YES;
				CLANG_WARN_EMPTY_BODY = YES;
				CLANG_WARN_ENUM_CONVERSION = YES;
				CLANG_WARN_INFINITE_RECURSION = YES;
				CLANG_WARN_INT_CONVERSION = YES;
				CLANG_WARN_NON_LITERAL_NULL_CONVERSION = YES;
				CLANG_WARN_OBJC_IMPLICIT_RETAIN_SELF = YES;
				CLANG_WARN_OBJC_LITERAL_CONVERSION = YES;
				CLANG_WARN_OBJC_ROOT_CLASS = YES_ERROR;
				CLANG_WARN_QUOTED_INCLUDE_IN_FRAMEWORK_HEADER = YES;
				CLANG_WARN_RANGE_LOOP_ANALYSIS = YES;
				CLANG_WARN_STRICT_PROTOTYPES = YES;
				CLANG_WARN_SUSPICIOUS_MOVE = YES;
				CLANG_WARN_UNGUARDED_AVAILABILITY = YES_AGGRESSIVE;
				CLANG_WARN_UNREACHABLE_CODE = YES;
				CLANG_WARN__DUPLICATE_METHOD_MATCH = YES;
				COPY_PHASE_STRIP = NO;
				DEBUG_INFORMATION_FORMAT = dwarf;
				ENABLE_STRICT_OBJC_MSGSEND = YES;
				ENABLE_TESTABILITY = YES;
				GCC_C_LANGUAGE_STANDARD = gnu11;
				GCC_DYNAMIC_NO_PIC = NO;
				GCC_NO_COMMON_BLOCKS = YES;
				GCC_OPTIMIZATION_LEVEL = 0;
				GCC_PREPROCESSOR_DEFINITIONS = (
					"DEBUG=1",
					"$(inherited)",
				);
				GCC_WARN_64_TO_32_BIT_CONVERSION = YES;
				GCC_WARN_ABOUT_RETURN_TYPE = YES_ERROR;
				GCC_WARN_UNDECLARED_SELECTOR = YES;
				GCC_WARN_UNINITIALIZED_AUTOS = YES_AGGRESSIVE;
				GCC_WARN_UNUSED_FUNCTION = YES;
				GCC_WARN_UNUSED_VARIABLE = YES;
				IPHONEOS_DEPLOYMENT_TARGET = 15.5;
				MTL_ENABLE_DEBUG_INFO = INCLUDE_SOURCE;
				MTL_FAST_MATH = YES;
				ONLY_ACTIVE_ARCH = YES;
				SDKROOT = iphoneos;
				SWIFT_ACTIVE_COMPILATION_CONDITIONS = DEBUG;
				SWIFT_OPTIMIZATION_LEVEL = "-Onone";
			};
			name = Debug;
		};
		47E1FEA02C1B4C680002571C /* Release */ = {
			isa = XCBuildConfiguration;
			buildSettings = {
				ALWAYS_SEARCH_USER_PATHS = NO;
				CLANG_ANALYZER_NONNULL = YES;
				CLANG_ANALYZER_NUMBER_OBJECT_CONVERSION = YES_AGGRESSIVE;
				CLANG_CXX_LANGUAGE_STANDARD = "gnu++17";
				CLANG_ENABLE_MODULES = YES;
				CLANG_ENABLE_OBJC_ARC = YES;
				CLANG_ENABLE_OBJC_WEAK = YES;
				CLANG_WARN_BLOCK_CAPTURE_AUTORELEASING = YES;
				CLANG_WARN_BOOL_CONVERSION = YES;
				CLANG_WARN_COMMA = YES;
				CLANG_WARN_CONSTANT_CONVERSION = YES;
				CLANG_WARN_DEPRECATED_OBJC_IMPLEMENTATIONS = YES;
				CLANG_WARN_DIRECT_OBJC_ISA_USAGE = YES_ERROR;
				CLANG_WARN_DOCUMENTATION_COMMENTS = YES;
				CLANG_WARN_EMPTY_BODY = YES;
				CLANG_WARN_ENUM_CONVERSION = YES;
				CLANG_WARN_INFINITE_RECURSION = YES;
				CLANG_WARN_INT_CONVERSION = YES;
				CLANG_WARN_NON_LITERAL_NULL_CONVERSION = YES;
				CLANG_WARN_OBJC_IMPLICIT_RETAIN_SELF = YES;
				CLANG_WARN_OBJC_LITERAL_CONVERSION = YES;
				CLANG_WARN_OBJC_ROOT_CLASS = YES_ERROR;
				CLANG_WARN_QUOTED_INCLUDE_IN_FRAMEWORK_HEADER = YES;
				CLANG_WARN_RANGE_LOOP_ANALYSIS = YES;
				CLANG_WARN_STRICT_PROTOTYPES = YES;
				CLANG_WARN_SUSPICIOUS_MOVE = YES;
				CLANG_WARN_UNGUARDED_AVAILABILITY = YES_AGGRESSIVE;
				CLANG_WARN_UNREACHABLE_CODE = YES;
				CLANG_WARN__DUPLICATE_METHOD_MATCH = YES;
				COPY_PHASE_STRIP = NO;
				DEBUG_INFORMATION_FORMAT = "dwarf-with-dsym";
				ENABLE_NS_ASSERTIONS = NO;
				ENABLE_STRICT_OBJC_MSGSEND = YES;
				GCC_C_LANGUAGE_STANDARD = gnu11;
				GCC_NO_COMMON_BLOCKS = YES;
				GCC_WARN_64_TO_32_BIT_CONVERSION = YES;
				GCC_WARN_ABOUT_RETURN_TYPE = YES_ERROR;
				GCC_WARN_UNDECLARED_SELECTOR = YES;
				GCC_WARN_UNINITIALIZED_AUTOS = YES_AGGRESSIVE;
				GCC_WARN_UNUSED_FUNCTION = YES;
				GCC_WARN_UNUSED_VARIABLE = YES;
				IPHONEOS_DEPLOYMENT_TARGET = 15.5;
				MTL_ENABLE_DEBUG_INFO = NO;
				MTL_FAST_MATH = YES;
				SDKROOT = iphoneos;
				SWIFT_COMPILATION_MODE = wholemodule;
				SWIFT_OPTIMIZATION_LEVEL = "-O";
				VALIDATE_PRODUCT = YES;
			};
			name = Release;
		};
		47E1FEA22C1B4C680002571C /* Debug */ = {
			isa = XCBuildConfiguration;
			buildSettings = {
				ASSETCATALOG_COMPILER_APPICON_NAME = AppIcon;
				ASSETCATALOG_COMPILER_GLOBAL_ACCENT_COLOR_NAME = AccentColor;
				CODE_SIGN_STYLE = Automatic;
				CURRENT_PROJECT_VERSION = 1;
				DEVELOPMENT_TEAM = VM33FHMWX5;
				GENERATE_INFOPLIST_FILE = YES;
				INFOPLIST_FILE = TheSpaceXApp/Resources/Info.plist;
				INFOPLIST_KEY_UIApplicationSupportsIndirectInputEvents = YES;
				INFOPLIST_KEY_UILaunchStoryboardName = LaunchScreen;
				INFOPLIST_KEY_UISupportedInterfaceOrientations_iPad = "UIInterfaceOrientationPortrait UIInterfaceOrientationPortraitUpsideDown UIInterfaceOrientationLandscapeLeft UIInterfaceOrientationLandscapeRight";
				INFOPLIST_KEY_UISupportedInterfaceOrientations_iPhone = "UIInterfaceOrientationPortrait UIInterfaceOrientationLandscapeLeft UIInterfaceOrientationLandscapeRight";
				LD_RUNPATH_SEARCH_PATHS = (
					"$(inherited)",
					"@executable_path/Frameworks",
				);
				MARKETING_VERSION = 1.0;
				PRODUCT_BUNDLE_IDENTIFIER = com.yasemintok.TheSpaceXApp;
				PRODUCT_NAME = "$(TARGET_NAME)";
				SWIFT_EMIT_LOC_STRINGS = YES;
				SWIFT_VERSION = 5.0;
				TARGETED_DEVICE_FAMILY = "1,2";
			};
			name = Debug;
		};
		47E1FEA32C1B4C680002571C /* Release */ = {
			isa = XCBuildConfiguration;
			buildSettings = {
				ASSETCATALOG_COMPILER_APPICON_NAME = AppIcon;
				ASSETCATALOG_COMPILER_GLOBAL_ACCENT_COLOR_NAME = AccentColor;
				CODE_SIGN_STYLE = Automatic;
				CURRENT_PROJECT_VERSION = 1;
				DEVELOPMENT_TEAM = VM33FHMWX5;
				GENERATE_INFOPLIST_FILE = YES;
				INFOPLIST_FILE = TheSpaceXApp/Resources/Info.plist;
				INFOPLIST_KEY_UIApplicationSupportsIndirectInputEvents = YES;
				INFOPLIST_KEY_UILaunchStoryboardName = LaunchScreen;
				INFOPLIST_KEY_UISupportedInterfaceOrientations_iPad = "UIInterfaceOrientationPortrait UIInterfaceOrientationPortraitUpsideDown UIInterfaceOrientationLandscapeLeft UIInterfaceOrientationLandscapeRight";
				INFOPLIST_KEY_UISupportedInterfaceOrientations_iPhone = "UIInterfaceOrientationPortrait UIInterfaceOrientationLandscapeLeft UIInterfaceOrientationLandscapeRight";
				LD_RUNPATH_SEARCH_PATHS = (
					"$(inherited)",
					"@executable_path/Frameworks",
				);
				MARKETING_VERSION = 1.0;
				PRODUCT_BUNDLE_IDENTIFIER = com.yasemintok.TheSpaceXApp;
				PRODUCT_NAME = "$(TARGET_NAME)";
				SWIFT_EMIT_LOC_STRINGS = YES;
				SWIFT_VERSION = 5.0;
				TARGETED_DEVICE_FAMILY = "1,2";
			};
			name = Release;
		};
/* End XCBuildConfiguration section */

/* Begin XCConfigurationList section */
		47E1FE882C1B4C630002571C /* Build configuration list for PBXProject "TheSpaceXApp" */ = {
			isa = XCConfigurationList;
			buildConfigurations = (
				47E1FE9F2C1B4C680002571C /* Debug */,
				47E1FEA02C1B4C680002571C /* Release */,
			);
			defaultConfigurationIsVisible = 0;
			defaultConfigurationName = Release;
		};
		47E1FEA12C1B4C680002571C /* Build configuration list for PBXNativeTarget "TheSpaceXApp" */ = {
			isa = XCConfigurationList;
			buildConfigurations = (
				47E1FEA22C1B4C680002571C /* Debug */,
				47E1FEA32C1B4C680002571C /* Release */,
			);
			defaultConfigurationIsVisible = 0;
			defaultConfigurationName = Release;
		};
/* End XCConfigurationList section */

/* Begin XCRemoteSwiftPackageReference section */
		475A26002C2EBD0E002E87CB /* XCRemoteSwiftPackageReference "Kingfisher" */ = {
			isa = XCRemoteSwiftPackageReference;
			repositoryURL = "https://github.com/onevcat/Kingfisher.git";
			requirement = {
				kind = upToNextMajorVersion;
				minimumVersion = 6.0.0;
			};
		};
		47E1FEAF2C1C36E70002571C /* XCRemoteSwiftPackageReference "Alamofire" */ = {
			isa = XCRemoteSwiftPackageReference;
			repositoryURL = "https://github.com/Alamofire/Alamofire.git";
			requirement = {
				kind = upToNextMajorVersion;
				minimumVersion = 5.0.0;
			};
		};
		47E1FEB52C1C37310002571C /* XCRemoteSwiftPackageReference "SnapKit" */ = {
			isa = XCRemoteSwiftPackageReference;
			repositoryURL = "https://github.com/SnapKit/SnapKit.git";
			requirement = {
				kind = upToNextMajorVersion;
				minimumVersion = 5.0.0;
			};
		};
/* End XCRemoteSwiftPackageReference section */

/* Begin XCSwiftPackageProductDependency section */
		475A26012C2EBD0E002E87CB /* Kingfisher */ = {
			isa = XCSwiftPackageProductDependency;
			package = 475A26002C2EBD0E002E87CB /* XCRemoteSwiftPackageReference "Kingfisher" */;
			productName = Kingfisher;
		};
		47E1FEB02C1C36E70002571C /* Alamofire */ = {
			isa = XCSwiftPackageProductDependency;
			package = 47E1FEAF2C1C36E70002571C /* XCRemoteSwiftPackageReference "Alamofire" */;
			productName = Alamofire;
		};
		47E1FEB62C1C37320002571C /* SnapKit */ = {
			isa = XCSwiftPackageProductDependency;
			package = 47E1FEB52C1C37310002571C /* XCRemoteSwiftPackageReference "SnapKit" */;
			productName = SnapKit;
		};
/* End XCSwiftPackageProductDependency section */
	};
	rootObject = 47E1FE852C1B4C630002571C /* Project object */;
}
